<Solution>
  <Folder Name="/Architecture/">
    <File Path="architecture/adr/01-use-aspire-for-orchestration.md" />
    <File Path="architecture/adr/02-use-nats-for-ingestion.md" />
    <File Path="architecture/adr/03-use-wifi-connect-for-provisioning.md" />
  </Folder>
  <Folder Name="/Solution Items/">
    <File Path=".github/copilot-instructions.md" />
  </Folder>
  <Project Path="EdgeLogger.ApiService/EdgeLogger.ApiService.csproj" />
  <Project Path="EdgeLogger.AppHost/EdgeLogger.AppHost.csproj" />
  <Project Path="EdgeLogger.Mobile/EdgeLogger.Mobile.csproj">
    <Deploy Solution="Debug|*" />
  </Project>
  <Project Path="EdgeLogger.ServiceDefaults/EdgeLogger.ServiceDefaults.csproj" />
  <Project Path="EdgeLogger.Tests/EdgeLogger.Tests.csproj" />
  <Project Path="EdgeLogger.Web/EdgeLogger.Web.csproj" />
</Solution>
